# DO NOT EDIT MANUALLY - Managed by Fern Replay
version: "1.0"
generations:
  - commit_sha: 2b1bf29d9d52526f3bf1c900c8d13afd4aa2b0cf
    tree_hash: 9d65f79bc31c61e5e09d4673631c33efc6500175
    timestamp: 2026-05-12T04:52:50.433Z
    cli_version: unknown
    generator_versions: {}
current_generation: 2b1bf29d9d52526f3bf1c900c8d13afd4aa2b0cf
patches: []
